
Microsoft Visual Studio Solution File, Format Version 12.00
# Visual Studio Version 17
VisualStudioVersion = 17.11.35312.102
MinimumVisualStudioVersion = 10.0.40219.1
Project("{888888A0-9F3D-457C-B088-3A5042F75D52}") = "Animales", "Animales\Animales.pyproj", "{9B911E7A-8617-499E-A2D4-CE615CE5A274}"
EndProject
Global
	GlobalSection(SolutionConfigurationPlatforms) = preSolution
		Debug|Any CPU = Debug|Any CPU
		Release|Any CPU = Release|Any CPU
	EndGlobalSection
	GlobalSection(ProjectConfigurationPlatforms) = postSolution
		{9B911E7A-8617-499E-A2D4-CE615CE5A274}.Debug|Any CPU.ActiveCfg = Debug|Any CPU
		{9B911E7A-8617-499E-A2D4-CE615CE5A274}.Release|Any CPU.ActiveCfg = Release|Any CPU
	EndGlobalSection
	GlobalSection(SolutionProperties) = preSolution
		HideSolutionNode = FALSE
	EndGlobalSection
	GlobalSection(ExtensibilityGlobals) = postSolution
		SolutionGuid = {EA299EEB-ED51-4BCB-B65F-512D1E10DB90}
	EndGlobalSection
EndGlobal
